[[package]]
category = "main"
description = "A small Python module for determining appropriate platform-specific dirs, e.g. a \"user data dir\"."
name = "appdirs"
optional = false
platform = "*"
python-versions = "*"
version = "1.4.3"

[[package]]
category = "dev"
description = "Atomic file writes."
name = "atomicwrites"
optional = false
platform = "UNKNOWN"
python-versions = "*"
version = "1.1.5"

[[package]]
category = "main"
description = "Classes Without Boilerplate"
name = "attrs"
optional = false
platform = "*"
python-versions = "*"
version = "18.1.0"

[[package]]
category = "main"
description = "The uncompromising code formatter."
name = "black"
optional = false
platform = "*"
python-versions = ">=3.6"
version = "18.6b2"

[package.dependencies]
appdirs = "*"
attrs = ">=17.4.0"
click = ">=6.5"
toml = ">=0.9.4"

[[package]]
category = "dev"
description = "httplib2 caching for requests"
name = "cachecontrol"
optional = false
platform = "*"
python-versions = ">=2.7, !=3.0.*, !=3.1.*, !=3.2.*, !=3.3.*"
version = "0.12.5"

[package.dependencies]
lockfile = ">=0.9"
msgpack = "*"
requests = "*"

[[package]]
category = "dev"
description = "Cachy provides a simple yet effective caching library."
name = "cachy"
optional = false
platform = "*"
python-versions = ">=2.7, !=3.0.*, !=3.1.*, !=3.2.*, !=3.3.*"
version = "0.2.0"

[[package]]
category = "dev"
description = "Python package for providing Mozilla's CA Bundle."
name = "certifi"
optional = false
platform = "*"
python-versions = "*"
version = "2018.4.16"

[[package]]
category = "dev"
description = "Universal encoding detector for Python 2 and 3"
name = "chardet"
optional = false
platform = "*"
python-versions = "*"
version = "3.0.4"

[[package]]
category = "dev"
description = "Cleo allows you to create beautiful and testable command-line interfaces."
name = "cleo"
optional = false
platform = "*"
python-versions = ">=2.7, !=3.0.*, !=3.1.*, !=3.2.*, !=3.3.*"
version = "0.6.8"

[package.dependencies]
pastel = ">=0.1.0,<0.2.0"
pylev = ">=1.3,<2.0"

[[package]]
category = "main"
description = "A simple wrapper around optparse for powerful command line utilities."
name = "click"
optional = false
platform = "*"
python-versions = "*"
version = "6.7"

[[package]]
category = "dev"
description = "Cross-platform colored terminal text."
name = "colorama"
optional = false
platform = "UNKNOWN"
python-versions = "*"
version = "0.3.9"

[package.requirements]
platform = "win32"

[[package]]
category = "main"
description = "Cross-platform daemonization tools."
name = "daemoniker"
optional = false
platform = "UNKNOWN"
python-versions = "*"
version = "0.2.3"

[[package]]
category = "dev"
description = "HTML parser based on the WHATWG HTML specification"
name = "html5lib"
optional = false
platform = "*"
python-versions = "*"
version = "1.0.1"

[package.dependencies]
six = ">=1.9"
webencodings = "*"

[[package]]
category = "dev"
description = "Internationalized Domain Names in Applications (IDNA)"
name = "idna"
optional = false
platform = "*"
python-versions = "*"
version = "2.7"

[[package]]
category = "dev"
description = "An implementation of JSON Schema validation for Python"
name = "jsonschema"
optional = false
platform = "*"
python-versions = "*"
version = "2.6.0"

[[package]]
category = "dev"
description = "Platform-independent file locking module"
name = "lockfile"
optional = false
platform = "UNKNOWN"
python-versions = "*"
version = "0.12.2"

[[package]]
category = "dev"
description = "More routines for operating on iterables, beyond itertools"
name = "more-itertools"
optional = false
platform = "*"
python-versions = "*"
version = "4.2.0"

[package.dependencies]
six = ">=1.0.0,<2.0.0"

[[package]]
category = "dev"
description = "MessagePack (de)serializer."
name = "msgpack"
optional = false
platform = "*"
python-versions = "*"
version = "0.5.6"

[[package]]
category = "dev"
description = "Optional static typing for Python"
name = "mypy"
optional = false
platform = "*"
python-versions = "*"
version = "0.610"

[package.dependencies]
typed-ast = ">=1.1.0,<1.2.0"

[[package]]
category = "dev"
description = "Bring colors to your terminal."
name = "pastel"
optional = false
platform = "UNKNOWN"
python-versions = "*"
version = "0.1.0"

[[package]]
category = "dev"
description = "Query metadatdata from sdists / bdists / installed packages."
name = "pkginfo"
optional = false
platform = "Unix"
python-versions = "*"
version = "1.4.2"

[[package]]
category = "dev"
description = "plugin and hook calling mechanisms for python"
name = "pluggy"
optional = false
platform = "unix"
python-versions = ">=2.7, !=3.0.*, !=3.1.*, !=3.2.*, !=3.3.*"
version = "0.6.0"

[[package]]
category = "dev"
description = "Python dependency management and packaging made easy."
name = "poetry"
optional = false
platform = "*"
python-versions = ">=2.7, !=3.0.*, !=3.1.*, !=3.2.*, !=3.3.*"
version = "0.11.2"

[package.dependencies]
cachecontrol = ">=0.12.4,<0.13.0"
cachy = ">=0.2,<0.3"
cleo = ">=0.6.7,<0.7.0"
html5lib = ">=1.0,<2.0"
jsonschema = ">=2.6,<3.0"
pkginfo = ">=1.4,<2.0"
pyparsing = ">=2.2,<3.0"
pyrsistent = ">=0.14.2,<0.15.0"
pytoml = ">=0.1.16,<0.2.0"
requests = ">=2.18,<3.0"
requests-toolbelt = ">=0.8.0,<0.9.0"
shellingham = ">=1.1,<2.0"

[[package]]
category = "dev"
description = "library with cross-python path, ini-parsing, io, code, log facilities"
name = "py"
optional = false
platform = "unix"
python-versions = ">=2.7, !=3.0.*, !=3.1.*, !=3.2.*, !=3.3.*"
version = "1.5.3"

[[package]]
category = "dev"
description = "A pure Python Levenshtein implementation that's not freaking GPL'd."
name = "pylev"
optional = false
platform = "UNKNOWN"
python-versions = "*"
version = "1.3.0"

[[package]]
category = "dev"
description = "Python parsing module"
name = "pyparsing"
optional = false
platform = "UNKNOWN"
python-versions = "*"
version = "2.2.0"

[[package]]
category = "dev"
description = "Persistent/Functional/Immutable data structures"
name = "pyrsistent"
optional = false
platform = "*"
python-versions = "*"
version = "0.14.4"

[package.dependencies]
six = "*"

[[package]]
category = "dev"
description = "pytest: simple powerful testing with Python"
name = "pytest"
optional = false
platform = "unix"
python-versions = ">=2.7, !=3.0.*, !=3.1.*, !=3.2.*, !=3.3.*"
version = "3.6.1"

[package.dependencies]
atomicwrites = ">=1.0"
attrs = ">=17.4.0"
more-itertools = ">=4.0.0"
pluggy = ">=0.5,<0.7"
py = ">=1.5.0"
setuptools = "*"
six = ">=1.10.0"

[package.dependencies.colorama]
platform = "win32"
version = "*"

[[package]]
category = "dev"
description = "Pytest support for asyncio."
name = "pytest-asyncio"
optional = false
platform = "*"
python-versions = ">= 3.5"
version = "0.8.0"

[package.dependencies]
pytest = ">=3.0.6"

[[package]]
category = "dev"
description = "A parser for TOML-0.4.0"
name = "pytoml"
optional = false
platform = "*"
python-versions = "*"
version = "0.1.18"

[[package]]
category = "dev"
description = "Python HTTP for Humans."
name = "requests"
optional = false
platform = "*"
python-versions = ">=2.6, !=3.0.*, !=3.1.*, !=3.2.*, !=3.3.*"
version = "2.19.1"

[package.dependencies]
certifi = ">=2017.4.17"
chardet = ">=3.0.2,<3.1.0"
idna = ">=2.5,<2.8"
urllib3 = ">=1.21.1,<1.24"

[[package]]
category = "dev"
description = "A utility belt for advanced users of python-requests"
name = "requests-toolbelt"
optional = false
platform = "*"
python-versions = "*"
version = "0.8.0"

[package.dependencies]
requests = ">=2.0.1,<3.0.0"

[[package]]
category = "dev"
description = "Tool to Detect Surrounding Shell"
name = "shellingham"
optional = false
platform = "*"
python-versions = ">=2.6,!=3.0,!=3.1,!=3.2,!=3.3"
version = "1.2.3"

[[package]]
category = "dev"
description = "Python 2 and 3 compatibility utilities"
name = "six"
optional = false
platform = "*"
python-versions = "*"
version = "1.11.0"

[[package]]
category = "dev"
description = "Pretty-print tabular data"
name = "tabulate"
optional = false
platform = "*"
python-versions = "*"
version = "0.8.2"

[[package]]
category = "main"
description = "Python Library for Tom's Obvious, Minimal Language"
name = "toml"
optional = false
platform = "*"
python-versions = "*"
version = "0.9.4"

[[package]]
category = "dev"
description = "a fork of Python 2 and 3 ast modules with type comment support"
name = "typed-ast"
optional = false
platform = "POSIX"
python-versions = "*"
version = "1.1.0"

[[package]]
category = "dev"
description = "HTTP library with thread-safe connection pooling, file post, and more."
name = "urllib3"
optional = false
platform = "*"
python-versions = ">=2.6, !=3.0.*, !=3.1.*, !=3.2.*, !=3.3.*, <4"
version = "1.23"

[[package]]
category = "dev"
description = "Character encoding aliases for legacy web content"
name = "webencodings"
optional = false
platform = "*"
python-versions = "*"
version = "0.5.1"

[metadata]
content-hash = "dbc86e4933eb1400cae91b6ebfcc0aee184ea3be4b35873b6678cf8e9ae14390"
platform = "*"
python-versions = "^3.7"

[metadata.hashes]
appdirs = ["9e5896d1372858f8dd3344faf4e5014d21849c756c8d5701f78f8a103b372d92", "d8b24664561d0d34ddfaec54636d502d7cea6e29c3eaf68f3df6180863e2166e"]
atomicwrites = ["240831ea22da9ab882b551b31d4225591e5e447a68c5e188db5b89ca1d487585", "a24da68318b08ac9c9c45029f4a10371ab5b20e4226738e150e6e7c571630ae6"]
attrs = ["4b90b09eeeb9b88c35bc642cbac057e45a5fd85367b985bd2809c62b7b939265", "e0d0eb91441a3b53dab4d9b743eafc1ac44476296a2053b6ca3af0b139faf87b"]
black = ["3efe92eafbde15f8ac06478de11cfb84e47504896ccdde64507e751d2f91ec3a", "fc26c4ab28c541fb824f59fa83d5702f75829495d5a1dee603b29bc4fbe79095"]
cachecontrol = ["cef77effdf51b43178f6a2d3b787e3734f98ade253fa3187f3bb7315aaa42ff7"]
cachy = ["b71513e5a38ce90c1280c02b7d8d6bb3fdf64666c9cc0584f2479afea097d56c", "b71e8e7ddb5b386e23e81befdfac8a93885406139b8681bedc17b3444fcb8fca"]
certifi = ["13e698f54293db9f89122b0581843a782ad0934a4fe0172d2a980ba77fc61bb7", "9fa520c1bacfb634fa7af20a76bcbd3d5fb390481724c597da32c719a7dca4b0"]
chardet = ["84ab92ed1c4d4f16916e05906b6b75a6c0fb5db821cc65e70cbd64a3e2a5eaae", "fc323ffcaeaed0e0a02bf4d117757b98aed530d9ed4531e3e15460124c106691"]
cleo = ["85a63076b72ca376fb06668be1fc7758dc16740b394783d5cc65200c4b32f71b", "9b7f79f1aa470a025c0d28c76aa225ee9e65028d32f80032e871aa3500df61b8"]
click = ["29f99fc6125fbc931b758dc053b3114e55c77a6e4c6c3a2674a2dc986016381d", "f15516df478d5a56180fbf80e68f206010e6d160fc39fa508b65e035fd75130b"]
colorama = ["463f8483208e921368c9f306094eb6f725c6ca42b0f97e313cb5d5512459feda", "48eb22f4f8461b1df5734a074b57042430fb06e1d61bd1e11b078c0fe6d7a1f1"]
daemoniker = ["72df5fb977b7951a1a48039dad349a06d9326e700f032f2e0114ad9643b93e98", "d9b62c8d75227b3da88c0ca22b82e19d88d32dade4ffa838427235e0cdd5e578"]
html5lib = ["20b159aa3badc9d5ee8f5c647e5efd02ed2a66ab8d354930bd9ff139fc1dc0a3", "66cb0dcfdbbc4f9c3ba1a63fdb511ffdbd4f513b2b6d81b80cd26ce6b3fb3736"]
idna = ["156a6814fb5ac1fc6850fb002e0852d56c0c8d2531923a51032d1b70760e186e", "684a38a6f903c1d71d6d5fac066b58d7768af4de2b832e426ec79c30daa94a16"]
jsonschema = ["000e68abd33c972a5248544925a0cae7d1125f9bf6c58280d37546b946769a08", "6ff5f3180870836cae40f06fa10419f557208175f13ad7bc26caa77beb1f6e02"]
lockfile = ["6aed02de03cba24efabcd600b30540140634fc06cfa603822d508d5361e9f799", "6c3cb24f344923d30b2785d5ad75182c8ea7ac1b6171b08657258ec7429d50fa"]
more-itertools = ["2b6b9893337bfd9166bee6a62c2b0c9fe7735dcf85948b387ec8cba30e85d8e8", "6703844a52d3588f951883005efcf555e49566a48afd4db4e965d69b883980d3", "a18d870ef2ffca2b8463c0070ad17b5978056f403fb64e3f15fe62a52db21cc0"]
msgpack = ["0b3b1773d2693c70598585a34ca2715873ba899565f0a7c9a1545baef7e7fbdc", "0bae5d1538c5c6a75642f75a1781f3ac2275d744a92af1a453c150da3446138b", "0ee8c8c85aa651be3aa0cd005b5931769eaa658c948ce79428766f1bd46ae2c3", "1369f9edba9500c7a6489b70fdfac773e925342f4531f1e3d4c20ac3173b1ae0", "22d9c929d1d539f37da3d1b0e16270fa9d46107beab8c0d4d2bddffffe895cee", "2ff43e3247a1e11d544017bb26f580a68306cec7a6257d8818893c1fda665f42", "31a98047355d34d047fcdb55b09cb19f633cf214c705a765bd745456c142130c", "8767eb0032732c3a0da92cbec5ac186ef89a3258c6edca09161472ca0206c45f", "8acc8910218555044e23826980b950e96685dc48124a290c86f6f41a296ea172", "ab189a6365be1860a5ecf8159c248f12d33f79ea799ae9695fa6a29896dcf1d4", "cfd6535feb0f1cf1c7cdb25773e965cc9f92928244a8c3ef6f8f8a8e1f7ae5c4", "e274cd4480d8c76ec467a85a9c6635bbf2258f0649040560382ab58cabb44bcf", "f86642d60dca13e93260187d56c2bef2487aa4d574a669e8ceefcf9f4c26fd00", "f8a57cbda46a94ed0db55b73e6ab0c15e78b4ede8690fa491a0e55128d552bb0", "fcea97a352416afcbccd7af9625159d80704a25c519c251c734527329bb20d0e"]
mypy = ["1b899802a89b67bb68f30d788bba49b61b1f28779436f06b75c03495f9d6ea5c", "f472645347430282d62d1f97d12ccb8741f19f1572b7cf30b58280e4e0818739"]
pastel = ["3108af417ec0fa6d0a620e676ec4f02c839ca13e10611586e5d2174b46aa0bc3", "d1fee8079534f99f1805a044fef946d23eee6d6a7cd34292c30e6c16be9a80b9"]
pkginfo = ["5878d542a4b3f237e359926384f1dde4e099c9f5525d236b1840cf704fa8d474", "a39076cb3eb34c333a0dd390b568e9e1e881c7bf2cc0aee12120636816f55aee"]
pluggy = ["7f8ae7f5bdf75671a718d2daf0a64b7885f74510bcd98b1a0bb420eb9a9d0cff", "d345c8fe681115900d6da8d048ba67c25df42973bda370783cd58826442dcd7c", "e160a7fcf25762bb60efc7e171d4497ff1d8d2d75a3d0df7a21b76821ecbf5c5"]
poetry = ["5beb2f1016052603dfd1affd97b486f9dffea0116029a69253b5d38245d3cb24", "d65e291b2c8c7aa53df94d21dffb0ec2ab6bdc7a46d1ed45ca3ea4566903abb1"]
py = ["29c9fab495d7528e80ba1e343b958684f4ace687327e6f789a94bf3d1915f881", "983f77f3331356039fdd792e9220b7b8ee1aa6bd2b25f567a963ff1de5a64f6a"]
pylev = ["063910098161199b81e453025653ec53556c1be7165a9b7c50be2f4d57eae1c3", "1d29a87beb45ebe1e821e7a3b10da2b6b2f4c79b43f482c2df1a1f748a6e114e"]
pyparsing = ["0832bcf47acd283788593e7a0f542407bd9550a55a8a8435214a1960e04bcb04", "281683241b25fe9b80ec9d66017485f6deff1af5cde372469134b56ca8447a07", "8f1e18d3fd36c6795bb7e02a39fd05c611ffc2596c1e0d995d34d67630426c18", "9e8143a3e15c13713506886badd96ca4b579a87fbdf49e550dbfc057d6cb218e", "b8b3117ed9bdf45e14dcc89345ce638ec7e0e29b2b579fa1ecf32ce45ebac8a5", "e4d45427c6e20a59bf4f88c639dcc03ce30d193112047f94012102f235853a58", "fee43f17a9c4087e7ed1605bd6df994c6173c1e977d7ade7b651292fab2bd010"]
pyrsistent = ["4024f838472cba9ea1ccbc638e0bcafec2efda28594a9905177ec365f1a95fea"]
pytest = ["26838b2bc58620e01675485491504c3aa7ee0faf335c37fcd5f8731ca4319591", "32c49a69566aa7c333188149ad48b58ac11a426d5352ea3d8f6ce843f88199cb"]
pytest-asyncio = ["286b50773e996c80d894b95afaf45df6952408a67a59979ca9839f94693ec7fd", "f32804bb58a66e13a3eda11f8942a71b1b6a30466b0d2ffe9214787aab0e172e"]
pytoml = ["dae3c4e31d09eb06a6076d671f2281ee5d2c43cbeae16599c3af20881bb818ac"]
requests = ["63b52e3c866428a224f97cab011de738c36aec0185aa91cfacd418b5d58911d1", "ec22d826a36ed72a7358ff3fe56cbd4ba69dd7a6718ffd450ff0e9df7a47ce6a"]
requests-toolbelt = ["42c9c170abc2cacb78b8ab23ac957945c7716249206f90874651971a4acff237", "f6a531936c6fa4c6cfce1b9c10d5c4f498d16528d2a54a22ca00011205a187b5"]
shellingham = ["016d290f346b104ac0249c339be2ade588dc98d10da865f56befd92781a8b362", "9732a7a6f31a1e89501e8b44ce45fc745708b4c63fabbeb95d599c96c33790c9"]
six = ["70e8a77beed4562e7f14fe23a786b54f6296e34344c23bc42f07b15018ff98e9", "832dc0e10feb1aa2c68dcc57dbb658f1c7e65b9b61af69048abc87a2db00a0eb"]
tabulate = ["e4ca13f26d0a6be2a2915428dc21e732f1e44dad7f76d7030b2ef1ec251cf7f2"]
toml = ["8e86bd6ce8cc11b9620cb637466453d94f5d57ad86f17e98a98d1f73e3baab2d"]
typed-ast = ["0948004fa228ae071054f5208840a1e88747a357ec1101c17217bfe99b299d58", "10703d3cec8dcd9eef5a630a04056bbc898abc19bac5691612acba7d1325b66d", "1f6c4bd0bdc0f14246fd41262df7dfc018d65bb05f6e16390b7ea26ca454a291", "25d8feefe27eb0303b73545416b13d108c6067b846b543738a25ff304824ed9a", "29464a177d56e4e055b5f7b629935af7f49c196be47528cc94e0a7bf83fbc2b9", "2e214b72168ea0275efd6c884b114ab42e316de3ffa125b267e732ed2abda892", "3e0d5e48e3a23e9a4d1a9f698e32a542a4a288c871d33ed8df1b092a40f3a0f9", "519425deca5c2b2bdac49f77b2c5625781abbaf9a809d727d3a5596b30bb4ded", "57fe287f0cdd9ceaf69e7b71a2e94a24b5d268b35df251a88fef5cc241bf73aa", "668d0cec391d9aed1c6a388b0d5b97cd22e6073eaa5fbaa6d2946603b4871efe", "68ba70684990f59497680ff90d18e756a47bf4863c604098f10de9716b2c0bdd", "6de012d2b166fe7a4cdf505eee3aaa12192f7ba365beeefaca4ec10e31241a85", "79b91ebe5a28d349b6d0d323023350133e927b4de5b651a8aa2db69c761420c6", "8550177fa5d4c1f09b5e5f524411c44633c80ec69b24e0e98906dd761941ca46", "898f818399cafcdb93cbbe15fc83a33d05f18e29fb498ddc09b0214cdfc7cd51", "94b091dc0f19291adcb279a108f5d38de2430411068b219f41b343c03b28fb1f", "a26863198902cda15ab4503991e8cf1ca874219e0118cbf07c126bce7c4db129", "a8034021801bc0440f2e027c354b4eafd95891b573e12ff0418dec385c76785c", "bc978ac17468fe868ee589c795d06777f75496b1ed576d308002c8a5756fb9ea", "c05b41bc1deade9f90ddc5d988fe506208019ebba9f2578c622516fd201f5863", "c9b060bd1e5a26ab6e8267fd46fc9e02b54eb15fffb16d112d4c7b1c12987559", "edb04bdd45bfd76c8292c4d9654568efaedf76fe78eb246dde69bdb13b2dad87", "f19f2a4f547505fe9072e15f6f4ae714af51b5a681a97f187971f50c283193b6"]
urllib3 = ["a68ac5e15e76e7e5dd2b8f94007233e01effe3e50e8daddf69acfd81cb686baf", "b5725a0bd4ba422ab0e66e89e030c806576753ea3ee08554382c14e685d117b5"]
webencodings = ["a0af1213f3c2226497a97e2b3aa01a7e4bee4f403f95be16fc9acd2947514a78", "b36a1c245f2d304965eb4e0a82848379241dc04b865afcc4aab16748587e1923"]
