[[package]]
name = "appdirs"
version = "1.4.3"
description = "A small Python module for determining appropriate platform-specific dirs, e.g. a \"user data dir\"."
category = "main"
optional = false
python-versions = "*"
platform = "*"

[[package]]
name = "atomicwrites"
version = "1.1.5"
description = "Atomic file writes."
category = "dev"
optional = false
python-versions = "*"
platform = "UNKNOWN"

[[package]]
name = "attrs"
version = "18.1.0"
description = "Classes Without Boilerplate"
category = "main"
optional = false
python-versions = "*"
platform = "*"

[[package]]
name = "black"
version = "18.6b2"
description = "The uncompromising code formatter."
category = "main"
optional = false
python-versions = ">=3.6"
platform = "*"

[package.dependencies]
click = ">=6.5"
attrs = ">=17.4.0"
appdirs = "*"
toml = ">=0.9.4"
[[package]]
name = "click"
version = "6.7"
description = "A simple wrapper around optparse for powerful command line utilities."
category = "main"
optional = false
python-versions = "*"
platform = "*"

[[package]]
name = "colorama"
version = "0.3.9"
description = "Cross-platform colored terminal text."
category = "dev"
optional = false
python-versions = "*"
platform = "UNKNOWN"

[package.requirements]
platform = "win32"
[[package]]
name = "daemoniker"
version = "0.2.3"
description = "Cross-platform daemonization tools."
category = "main"
optional = false
python-versions = "*"
platform = "UNKNOWN"

[[package]]
name = "more-itertools"
version = "4.2.0"
description = "More routines for operating on iterables, beyond itertools"
category = "dev"
optional = false
python-versions = "*"
platform = "*"

[package.dependencies]
six = ">=1.0.0,<2.0.0"
[[package]]
name = "mypy"
version = "0.610"
description = "Optional static typing for Python"
category = "dev"
optional = false
python-versions = "*"
platform = "*"

[package.dependencies]
typed-ast = ">=1.1.0,<1.2.0"
[[package]]
name = "pluggy"
version = "0.6.0"
description = "plugin and hook calling mechanisms for python"
category = "dev"
optional = false
python-versions = ">=2.7, !=3.0.*, !=3.1.*, !=3.2.*, !=3.3.*"
platform = "unix"

[[package]]
name = "py"
version = "1.5.3"
description = "library with cross-python path, ini-parsing, io, code, log facilities"
category = "dev"
optional = false
python-versions = ">=2.7, !=3.0.*, !=3.1.*, !=3.2.*, !=3.3.*"
platform = "unix"

[[package]]
name = "pytest"
version = "3.6.1"
description = "pytest: simple powerful testing with Python"
category = "dev"
optional = false
python-versions = ">=2.7, !=3.0.*, !=3.1.*, !=3.2.*, !=3.3.*"
platform = "unix"

[package.dependencies]
colorama = "*"
pluggy = ">=0.5,<0.7"
atomicwrites = ">=1.0"
more-itertools = ">=4.0.0"
attrs = ">=17.4.0"
setuptools = "*"
six = ">=1.10.0"
py = ">=1.5.0"
[[package]]
name = "pytest-asyncio"
version = "0.8.0"
description = "Pytest support for asyncio."
category = "dev"
optional = false
python-versions = ">= 3.5"
platform = "*"

[package.dependencies]
pytest = ">=3.0.6"
[[package]]
name = "setuptools"
version = "39.2.0"
description = "Easily download, build, install, upgrade, and uninstall Python packages"
category = "dev"
optional = false
python-versions = ">=2.7,!=3.0.*,!=3.1.*,!=3.2.*"
platform = "*"

[[package]]
name = "six"
version = "1.11.0"
description = "Python 2 and 3 compatibility utilities"
category = "dev"
optional = false
python-versions = "*"
platform = "*"

[[package]]
name = "toml"
version = "0.9.4"
description = "Python Library for Tom's Obvious, Minimal Language"
category = "main"
optional = false
python-versions = "*"
platform = "*"

[[package]]
name = "typed-ast"
version = "1.1.0"
description = "a fork of Python 2 and 3 ast modules with type comment support"
category = "dev"
optional = false
python-versions = "*"
platform = "POSIX"

[metadata]
python-versions = "^3.7"
platform = "*"
content-hash = "39c679ad59ddbc77957cc10116712c7c3bf80ae53a1c3e744175cb5c22acfc03"

[metadata.hashes]
appdirs = [ "d8b24664561d0d34ddfaec54636d502d7cea6e29c3eaf68f3df6180863e2166e", "9e5896d1372858f8dd3344faf4e5014d21849c756c8d5701f78f8a103b372d92",]
atomicwrites = [ "a24da68318b08ac9c9c45029f4a10371ab5b20e4226738e150e6e7c571630ae6", "240831ea22da9ab882b551b31d4225591e5e447a68c5e188db5b89ca1d487585",]
attrs = [ "4b90b09eeeb9b88c35bc642cbac057e45a5fd85367b985bd2809c62b7b939265", "e0d0eb91441a3b53dab4d9b743eafc1ac44476296a2053b6ca3af0b139faf87b",]
black = [ "3efe92eafbde15f8ac06478de11cfb84e47504896ccdde64507e751d2f91ec3a", "fc26c4ab28c541fb824f59fa83d5702f75829495d5a1dee603b29bc4fbe79095",]
click = [ "29f99fc6125fbc931b758dc053b3114e55c77a6e4c6c3a2674a2dc986016381d", "f15516df478d5a56180fbf80e68f206010e6d160fc39fa508b65e035fd75130b",]
colorama = [ "463f8483208e921368c9f306094eb6f725c6ca42b0f97e313cb5d5512459feda", "48eb22f4f8461b1df5734a074b57042430fb06e1d61bd1e11b078c0fe6d7a1f1",]
daemoniker = [ "72df5fb977b7951a1a48039dad349a06d9326e700f032f2e0114ad9643b93e98", "d9b62c8d75227b3da88c0ca22b82e19d88d32dade4ffa838427235e0cdd5e578",]
more-itertools = [ "a18d870ef2ffca2b8463c0070ad17b5978056f403fb64e3f15fe62a52db21cc0", "6703844a52d3588f951883005efcf555e49566a48afd4db4e965d69b883980d3", "2b6b9893337bfd9166bee6a62c2b0c9fe7735dcf85948b387ec8cba30e85d8e8",]
mypy = [ "1b899802a89b67bb68f30d788bba49b61b1f28779436f06b75c03495f9d6ea5c", "f472645347430282d62d1f97d12ccb8741f19f1572b7cf30b58280e4e0818739",]
pluggy = [ "d345c8fe681115900d6da8d048ba67c25df42973bda370783cd58826442dcd7c", "e160a7fcf25762bb60efc7e171d4497ff1d8d2d75a3d0df7a21b76821ecbf5c5", "7f8ae7f5bdf75671a718d2daf0a64b7885f74510bcd98b1a0bb420eb9a9d0cff",]
py = [ "983f77f3331356039fdd792e9220b7b8ee1aa6bd2b25f567a963ff1de5a64f6a", "29c9fab495d7528e80ba1e343b958684f4ace687327e6f789a94bf3d1915f881",]
pytest = [ "26838b2bc58620e01675485491504c3aa7ee0faf335c37fcd5f8731ca4319591", "32c49a69566aa7c333188149ad48b58ac11a426d5352ea3d8f6ce843f88199cb",]
pytest-asyncio = [ "286b50773e996c80d894b95afaf45df6952408a67a59979ca9839f94693ec7fd", "f32804bb58a66e13a3eda11f8942a71b1b6a30466b0d2ffe9214787aab0e172e",]
setuptools = [ "8fca9275c89964f13da985c3656cb00ba029d7f3916b37990927ffdf264e7926", "f7cddbb5f5c640311eb00eab6e849f7701fa70bf6a183fc8a2c33dd1d1672fb2",]
six = [ "832dc0e10feb1aa2c68dcc57dbb658f1c7e65b9b61af69048abc87a2db00a0eb", "70e8a77beed4562e7f14fe23a786b54f6296e34344c23bc42f07b15018ff98e9",]
toml = [ "8e86bd6ce8cc11b9620cb637466453d94f5d57ad86f17e98a98d1f73e3baab2d",]
typed-ast = [ "0948004fa228ae071054f5208840a1e88747a357ec1101c17217bfe99b299d58", "25d8feefe27eb0303b73545416b13d108c6067b846b543738a25ff304824ed9a", "c05b41bc1deade9f90ddc5d988fe506208019ebba9f2578c622516fd201f5863", "519425deca5c2b2bdac49f77b2c5625781abbaf9a809d727d3a5596b30bb4ded", "6de012d2b166fe7a4cdf505eee3aaa12192f7ba365beeefaca4ec10e31241a85", "79b91ebe5a28d349b6d0d323023350133e927b4de5b651a8aa2db69c761420c6", "a8034021801bc0440f2e027c354b4eafd95891b573e12ff0418dec385c76785c", "f19f2a4f547505fe9072e15f6f4ae714af51b5a681a97f187971f50c283193b6", "c9b060bd1e5a26ab6e8267fd46fc9e02b54eb15fffb16d112d4c7b1c12987559", "2e214b72168ea0275efd6c884b114ab42e316de3ffa125b267e732ed2abda892", "bc978ac17468fe868ee589c795d06777f75496b1ed576d308002c8a5756fb9ea", "edb04bdd45bfd76c8292c4d9654568efaedf76fe78eb246dde69bdb13b2dad87", "668d0cec391d9aed1c6a388b0d5b97cd22e6073eaa5fbaa6d2946603b4871efe", "29464a177d56e4e055b5f7b629935af7f49c196be47528cc94e0a7bf83fbc2b9", "8550177fa5d4c1f09b5e5f524411c44633c80ec69b24e0e98906dd761941ca46", "3e0d5e48e3a23e9a4d1a9f698e32a542a4a288c871d33ed8df1b092a40f3a0f9", "68ba70684990f59497680ff90d18e756a47bf4863c604098f10de9716b2c0bdd", "57fe287f0cdd9ceaf69e7b71a2e94a24b5d268b35df251a88fef5cc241bf73aa",]
